
Microsoft Visual Studio Solution File, Format Version 12.00
# Visual Studio Version 17
VisualStudioVersion = 17.3.32825.248
MinimumVisualStudioVersion = 10.0.40219.1
Project("{FAE04EC0-301F-11D3-BF4B-00C04F79EFBC}") = "WpfDesingApp", "WpfDesingApp.csproj", "{AE65F9EE-7CDA-49E6-B839-E66991300E9D}"
EndProject
Global
	GlobalSection(SolutionConfigurationPlatforms) = preSolution
		Debug|Any CPU = Debug|Any CPU
		Release|Any CPU = Release|Any CPU
	EndGlobalSection
	GlobalSection(ProjectConfigurationPlatforms) = postSolution
		{AE65F9EE-7CDA-49E6-B839-E66991300E9D}.Debug|Any CPU.ActiveCfg = Debug|Any CPU
		{AE65F9EE-7CDA-49E6-B839-E66991300E9D}.Debug|Any CPU.Build.0 = Debug|Any CPU
		{AE65F9EE-7CDA-49E6-B839-E66991300E9D}.Release|Any CPU.ActiveCfg = Release|Any CPU
		{AE65F9EE-7CDA-49E6-B839-E66991300E9D}.Release|Any CPU.Build.0 = Release|Any CPU
	EndGlobalSection
	GlobalSection(SolutionProperties) = preSolution
		HideSolutionNode = FALSE
	EndGlobalSection
	GlobalSection(ExtensibilityGlobals) = postSolution
		SolutionGuid = {8068A89B-2F0E-45EE-B761-98DD5294AF03}
	EndGlobalSection
EndGlobal
